// !$*UTF8*$!
{
	archiveVersion = 1;
	classes = {
	};
	objectVersion = 77;
	objects = {

/* Begin PBXBuildFile section */
		2FF7A4352EC0EC91000D1D2A /* libhelio_keyboard.a in Frameworks */ = {isa = PBXBuildFile; fileRef = 2FF7A4342EC0EC91000D1D2A /* libhelio_keyboard.a */; };
/* End PBXBuildFile section */

/* Begin PBXContainerItemProxy section */
		2F7E85F12E90D9F1004FB868 /* PBXContainerItemProxy */ = {
			isa = PBXContainerItemProxy;
			containerPortal = 2F7E85DA2E90D9EF004FB868 /* Project object */;
			proxyType = 1;
			remoteGlobalIDString = 2F7E85E12E90D9EF004FB868;
			remoteInfo = Helio;
		};
		2F7E85FB2E90D9F1004FB868 /* PBXContainerItemProxy */ = {
			isa = PBXContainerItemProxy;
			containerPortal = 2F7E85DA2E90D9EF004FB868 /* Project object */;
			proxyType = 1;
			remoteGlobalIDString = 2F7E85E12E90D9EF004FB868;
			remoteInfo = Helio;
		};
/* End PBXContainerItemProxy section */

/* Begin PBXFileReference section */
		2F7E85E22E90D9EF004FB868 /* Helio.app */ = {isa = PBXFileReference; explicitFileType = wrapper.application; includeInIndex = 0; path = Helio.app; sourceTree = BUILT_PRODUCTS_DIR; };
		2F7E85F02E90D9F1004FB868 /* HelioTests.xctest */ = {isa = PBXFileReference; explicitFileType = wrapper.cfbundle; includeInIndex = 0; path = HelioTests.xctest; sourceTree = BUILT_PRODUCTS_DIR; };
		2F7E85FA2E90D9F1004FB868 /* HelioUITests.xctest */ = {isa = PBXFileReference; explicitFileType = wrapper.cfbundle; includeInIndex = 0; path = HelioUITests.xctest; sourceTree = BUILT_PRODUCTS_DIR; };
		2FF7A4342EC0EC91000D1D2A /* libhelio_keyboard.a */ = {isa = PBXFileReference; lastKnownFileType = archive.ar; name = libhelio_keyboard.a; path = "HelioKeyboard/target/aarch64-apple-darwin/release/libhelio_keyboard.a"; sourceTree = "<group>"; };
/* End PBXFileReference section */

/* Begin PBXFileSystemSynchronizedRootGroup section */
		2F7E85E42E90D9EF004FB868 /* Helio */ = {
			isa = PBXFileSystemSynchronizedRootGroup;
			path = Helio;
			sourceTree = "<group>";
		};
		2F7E85F32E90D9F1004FB868 /* HelioTests */ = {
			isa = PBXFileSystemSynchronizedRootGroup;
			path = HelioTests;
			sourceTree = "<group>";
		};
		2F7E85FD2E90D9F1004FB868 /* HelioUITests */ = {
			isa = PBXFileSystemSynchronizedRootGroup;
			path = HelioUITests;
			sourceTree = "<group>";
		};
/* End PBXFileSystemSynchronizedRootGroup section */

/* Begin PBXFrameworksBuildPhase section */
		2F7E85DF2E90D9EF004FB868 /* Frameworks */ = {
			isa = PBXFrameworksBuildPhase;
			buildActionMask = 2147483647;
			files = (
				2FF7A4352EC0EC91000D1D2A /* libhelio_keyboard.a in Frameworks */,
			);
			runOnlyForDeploymentPostprocessing = 0;
		};
		2F7E85ED2E90D9F1004FB868 /* Frameworks */ = {
			isa = PBXFrameworksBuildPhase;
			buildActionMask = 2147483647;
			files = (
			);
			runOnlyForDeploymentPostprocessing = 0;
		};
		2F7E85F72E90D9F1004FB868 /* Frameworks */ = {
			isa = PBXFrameworksBuildPhase;
			buildActionMask = 2147483647;
			files = (
			);
			runOnlyForDeploymentPostprocessing = 0;
		};
/* End PBXFrameworksBuildPhase section */

/* Begin PBXGroup section */
		2F7E85D92E90D9EF004FB868 = {
			isa = PBXGroup;
			children = (
				2F7E85E42E90D9EF004FB868 /* Helio */,
				2F7E85F32E90D9F1004FB868 /* HelioTests */,
				2F7E85FD2E90D9F1004FB868 /* HelioUITests */,
				2FF7A4332EC0EC90000D1D2A /* Frameworks */,
				2F7E85E32E90D9EF004FB868 /* Products */,
			);
			sourceTree = "<group>";
		};
		2F7E85E32E90D9EF004FB868 /* Products */ = {
			isa = PBXGroup;
			children = (
				2F7E85E22E90D9EF004FB868 /* Helio.app */,
				2F7E85F02E90D9F1004FB868 /* HelioTests.xctest */,
				2F7E85FA2E90D9F1004FB868 /* HelioUITests.xctest */,
			);
			name = Products;
			sourceTree = "<group>";
		};
		2FF7A4332EC0EC90000D1D2A /* Frameworks */ = {
			isa = PBXGroup;
			children = (
				2FF7A4342EC0EC91000D1D2A /* libhelio_keyboard.a */,
			);
			name = Frameworks;
			sourceTree = "<group>";
		};
/* End PBXGroup section */

/* Begin PBXNativeTarget section */
		2F7E85E12E90D9EF004FB868 /* Helio */ = {
			isa = PBXNativeTarget;
			buildConfigurationList = 2F7E86042E90D9F1004FB868 /* Build configuration list for PBXNativeTarget "Helio" */;
			buildPhases = (
				2F7E85DE2E90D9EF004FB868 /* Sources */,
				2F7E85DF2E90D9EF004FB868 /* Frameworks */,
				2F7E85E02E90D9EF004FB868 /* Resources */,
			);
			buildRules = (
			);
			dependencies = (
			);
			fileSystemSynchronizedGroups = (
				2F7E85E42E90D9EF004FB868 /* Helio */,
			);
			name = Helio;
			packageProductDependencies = (
			);
			productName = Helio;
			productReference = 2F7E85E22E90D9EF004FB868 /* Helio.app */;
			productType = "com.apple.product-type.application";
		};
		2F7E85EF2E90D9F1004FB868 /* HelioTests */ = {
			isa = PBXNativeTarget;
			buildConfigurationList = 2F7E86072E90D9F1004FB868 /* Build configuration list for PBXNativeTarget "HelioTests" */;
			buildPhases = (
				2F7E85EC2E90D9F1004FB868 /* Sources */,
				2F7E85ED2E90D9F1004FB868 /* Frameworks */,
				2F7E85EE2E90D9F1004FB868 /* Resources */,
			);
			buildRules = (
			);
			dependencies = (
				2F7E85F22E90D9F1004FB868 /* PBXTargetDependency */,
			);
			fileSystemSynchronizedGroups = (
				2F7E85F32E90D9F1004FB868 /* HelioTests */,
			);
			name = HelioTests;
			packageProductDependencies = (
			);
			productName = HelioTests;
			productReference = 2F7E85F02E90D9F1004FB868 /* HelioTests.xctest */;
			productType = "com.apple.product-type.bundle.unit-test";
		};
		2F7E85F92E90D9F1004FB868 /* HelioUITests */ = {
			isa = PBXNativeTarget;
			buildConfigurationList = 2F7E860A2E90D9F1004FB868 /* Build configuration list for PBXNativeTarget "HelioUITests" */;
			buildPhases = (
				2F7E85F62E90D9F1004FB868 /* Sources */,
				2F7E85F72E90D9F1004FB868 /* Frameworks */,
				2F7E85F82E90D9F1004FB868 /* Resources */,
			);
			buildRules = (
			);
			dependencies = (
				2F7E85FC2E90D9F1004FB868 /* PBXTargetDependency */,
			);
			fileSystemSynchronizedGroups = (
				2F7E85FD2E90D9F1004FB868 /* HelioUITests */,
			);
			name = HelioUITests;
			packageProductDependencies = (
			);
			productName = HelioUITests;
			productReference = 2F7E85FA2E90D9F1004FB868 /* HelioUITests.xctest */;
			productType = "com.apple.product-type.bundle.ui-testing";
		};
/* End PBXNativeTarget section */

/* Begin PBXProject section */
		2F7E85DA2E90D9EF004FB868 /* Project object */ = {
			isa = PBXProject;
			attributes = {
				BuildIndependentTargetsInParallel = 1;
				LastSwiftUpdateCheck = 1640;
				LastUpgradeCheck = 1640;
				TargetAttributes = {
					2F7E85E12E90D9EF004FB868 = {
						CreatedOnToolsVersion = 16.4;
					};
					2F7E85EF2E90D9F1004FB868 = {
						CreatedOnToolsVersion = 16.4;
						TestTargetID = 2F7E85E12E90D9EF004FB868;
					};
					2F7E85F92E90D9F1004FB868 = {
						CreatedOnToolsVersion = 16.4;
						TestTargetID = 2F7E85E12E90D9EF004FB868;
					};
				};
			};
			buildConfigurationList = 2F7E85DD2E90D9EF004FB868 /* Build configuration list for PBXProject "Helio" */;
			developmentRegion = en;
			hasScannedForEncodings = 0;
			knownRegions = (
				en,
				Base,
			);
			mainGroup = 2F7E85D92E90D9EF004FB868;
			minimizedProjectReferenceProxies = 1;
			preferredProjectObjectVersion = 77;
			productRefGroup = 2F7E85E32E90D9EF004FB868 /* Products */;
			projectDirPath = "";
			projectRoot = "";
			targets = (
				2F7E85E12E90D9EF004FB868 /* Helio */,
				2F7E85EF2E90D9F1004FB868 /* HelioTests */,
				2F7E85F92E90D9F1004FB868 /* HelioUITests */,
			);
		};
/* End PBXProject section */

/* Begin PBXResourcesBuildPhase section */
		2F7E85E02E90D9EF004FB868 /* Resources */ = {
			isa = PBXResourcesBuildPhase;
			buildActionMask = 2147483647;
			files = (
			);
			runOnlyForDeploymentPostprocessing = 0;
		};
		2F7E85EE2E90D9F1004FB868 /* Resources */ = {
			isa = PBXResourcesBuildPhase;
			buildActionMask = 2147483647;
			files = (
			);
			runOnlyForDeploymentPostprocessing = 0;
		};
		2F7E85F82E90D9F1004FB868 /* Resources */ = {
			isa = PBXResourcesBuildPhase;
			buildActionMask = 2147483647;
			files = (
			);
			runOnlyForDeploymentPostprocessing = 0;
		};
/* End PBXResourcesBuildPhase section */

/* Begin PBXSourcesBuildPhase section */
		2F7E85DE2E90D9EF004FB868 /* Sources */ = {
			isa = PBXSourcesBuildPhase;
			buildActionMask = 2147483647;
			files = (
			);
			runOnlyForDeploymentPostprocessing = 0;
		};
		2F7E85EC2E90D9F1004FB868 /* Sources */ = {
			isa = PBXSourcesBuildPhase;
			buildActionMask = 2147483647;
			files = (
			);
			runOnlyForDeploymentPostprocessing = 0;
		};
		2F7E85F62E90D9F1004FB868 /* Sources */ = {
			isa = PBXSourcesBuildPhase;
			buildActionMask = 2147483647;
			files = (
			);
			runOnlyForDeploymentPostprocessing = 0;
		};
/* End PBXSourcesBuildPhase section */

/* Begin PBXTargetDependency section */
		2F7E85F22E90D9F1004FB868 /* PBXTargetDependency */ = {
			isa = PBXTargetDependency;
			target = 2F7E85E12E90D9EF004FB868 /* Helio */;
			targetProxy = 2F7E85F12E90D9F1004FB868 /* PBXContainerItemProxy */;
		};
		2F7E85FC2E90D9F1004FB868 /* PBXTargetDependency */ = {
			isa = PBXTargetDependency;
			target = 2F7E85E12E90D9EF004FB868 /* Helio */;
			targetProxy = 2F7E85FB2E90D9F1004FB868 /* PBXContainerItemProxy */;
		};
/* End PBXTargetDependency section */

/* Begin XCBuildConfiguration section */
		2F7E86022E90D9F1004FB868 /* Debug */ = {
			isa = XCBuildConfiguration;
			buildSettings = {
				ALWAYS_SEARCH_USER_PATHS = NO;
				ASSETCATALOG_COMPILER_GENERATE_SWIFT_ASSET_SYMBOL_EXTENSIONS = YES;
				CLANG_ANALYZER_NONNULL = YES;
				CLANG_ANALYZER_NUMBER_OBJECT_CONVERSION = YES_AGGRESSIVE;
				CLANG_CXX_LANGUAGE_STANDARD = "gnu++20";
				CLANG_ENABLE_MODULES = YES;
				CLANG_ENABLE_OBJC_ARC = YES;
				CLANG_ENABLE_OBJC_WEAK = YES;
				CLANG_WARN_BLOCK_CAPTURE_AUTORELEASING = YES;
				CLANG_WARN_BOOL_CONVERSION = YES;
				CLANG_WARN_COMMA = YES;
				CLANG_WARN_CONSTANT_CONVERSION = YES;
				CLANG_WARN_DEPRECATED_OBJC_IMPLEMENTATIONS = YES;
				CLANG_WARN_DIRECT_OBJC_ISA_USAGE = YES_ERROR;
				CLANG_WARN_DOCUMENTATION_COMMENTS = YES;
				CLANG_WARN_EMPTY_BODY = YES;
				CLANG_WARN_ENUM_CONVERSION = YES;
				CLANG_WARN_INFINITE_RECURSION = YES;
				CLANG_WARN_INT_CONVERSION = YES;
				CLANG_WARN_NON_LITERAL_NULL_CONVERSION = YES;
				CLANG_WARN_OBJC_IMPLICIT_RETAIN_SELF = YES;
				CLANG_WARN_OBJC_LITERAL_CONVERSION = YES;
				CLANG_WARN_OBJC_ROOT_CLASS = YES_ERROR;
				CLANG_WARN_QUOTED_INCLUDE_IN_FRAMEWORK_HEADER = YES;
				CLANG_WARN_RANGE_LOOP_ANALYSIS = YES;
				CLANG_WARN_STRICT_PROTOTYPES = YES;
				CLANG_WARN_SUSPICIOUS_MOVE = YES;
				CLANG_WARN_UNGUARDED_AVAILABILITY = YES_AGGRESSIVE;
				CLANG_WARN_UNREACHABLE_CODE = YES;
				CLANG_WARN__DUPLICATE_METHOD_MATCH = YES;
				COPY_PHASE_STRIP = NO;
				DEBUG_INFORMATION_FORMAT = dwarf;
				ENABLE_STRICT_OBJC_MSGSEND = YES;
				ENABLE_TESTABILITY = YES;
				ENABLE_USER_SCRIPT_SANDBOXING = YES;
				GCC_C_LANGUAGE_STANDARD = gnu17;
				GCC_DYNAMIC_NO_PIC = NO;
				GCC_NO_COMMON_BLOCKS = YES;
				GCC_OPTIMIZATION_LEVEL = 0;
				GCC_PREPROCESSOR_DEFINITIONS = (
					"DEBUG=1",
					"$(inherited)",
				);
				GCC_WARN_64_TO_32_BIT_CONVERSION = YES;
				GCC_WARN_ABOUT_RETURN_TYPE = YES_ERROR;
				GCC_WARN_UNDECLARED_SELECTOR = YES;
				GCC_WARN_UNINITIALIZED_AUTOS = YES_AGGRESSIVE;
				GCC_WARN_UNUSED_FUNCTION = YES;
				GCC_WARN_UNUSED_VARIABLE = YES;
				LOCALIZATION_PREFERS_STRING_CATALOGS = YES;
				MACOSX_DEPLOYMENT_TARGET = 15.5;
				MTL_ENABLE_DEBUG_INFO = INCLUDE_SOURCE;
				MTL_FAST_MATH = YES;
				ONLY_ACTIVE_ARCH = YES;
				SDKROOT = macosx;
				SWIFT_ACTIVE_COMPILATION_CONDITIONS = "DEBUG $(inherited)";
				SWIFT_OPTIMIZATION_LEVEL = "-Onone";
			};
			name = Debug;
		};
		2F7E86032E90D9F1004FB868 /* Release */ = {
			isa = XCBuildConfiguration;
			buildSettings = {
				ALWAYS_SEARCH_USER_PATHS = NO;
				ASSETCATALOG_COMPILER_GENERATE_SWIFT_ASSET_SYMBOL_EXTENSIONS = YES;
				CLANG_ANALYZER_NONNULL = YES;
				CLANG_ANALYZER_NUMBER_OBJECT_CONVERSION = YES_AGGRESSIVE;
				CLANG_CXX_LANGUAGE_STANDARD = "gnu++20";
				CLANG_ENABLE_MODULES = YES;
				CLANG_ENABLE_OBJC_ARC = YES;
				CLANG_ENABLE_OBJC_WEAK = YES;
				CLANG_WARN_BLOCK_CAPTURE_AUTORELEASING = YES;
				CLANG_WARN_BOOL_CONVERSION = YES;
				CLANG_WARN_COMMA = YES;
				CLANG_WARN_CONSTANT_CONVERSION = YES;
				CLANG_WARN_DEPRECATED_OBJC_IMPLEMENTATIONS = YES;
				CLANG_WARN_DIRECT_OBJC_ISA_USAGE = YES_ERROR;
				CLANG_WARN_DOCUMENTATION_COMMENTS = YES;
				CLANG_WARN_EMPTY_BODY = YES;
				CLANG_WARN_ENUM_CONVERSION = YES;
				CLANG_WARN_INFINITE_RECURSION = YES;
				CLANG_WARN_INT_CONVERSION = YES;
				CLANG_WARN_NON_LITERAL_NULL_CONVERSION = YES;
				CLANG_WARN_OBJC_IMPLICIT_RETAIN_SELF = YES;
				CLANG_WARN_OBJC_LITERAL_CONVERSION = YES;
				CLANG_WARN_OBJC_ROOT_CLASS = YES_ERROR;
				CLANG_WARN_QUOTED_INCLUDE_IN_FRAMEWORK_HEADER = YES;
				CLANG_WARN_RANGE_LOOP_ANALYSIS = YES;
				CLANG_WARN_STRICT_PROTOTYPES = YES;
				CLANG_WARN_SUSPICIOUS_MOVE = YES;
				CLANG_WARN_UNGUARDED_AVAILABILITY = YES_AGGRESSIVE;
				CLANG_WARN_UNREACHABLE_CODE = YES;
				CLANG_WARN__DUPLICATE_METHOD_MATCH = YES;
				COPY_PHASE_STRIP = NO;
				DEBUG_INFORMATION_FORMAT = "dwarf-with-dsym";
				ENABLE_NS_ASSERTIONS = NO;
				ENABLE_STRICT_OBJC_MSGSEND = YES;
				ENABLE_USER_SCRIPT_SANDBOXING = YES;
				GCC_C_LANGUAGE_STANDARD = gnu17;
				GCC_NO_COMMON_BLOCKS = YES;
				GCC_WARN_64_TO_32_BIT_CONVERSION = YES;
				GCC_WARN_ABOUT_RETURN_TYPE = YES_ERROR;
				GCC_WARN_UNDECLARED_SELECTOR = YES;
				GCC_WARN_UNINITIALIZED_AUTOS = YES_AGGRESSIVE;
				GCC_WARN_UNUSED_FUNCTION = YES;
				GCC_WARN_UNUSED_VARIABLE = YES;
				LOCALIZATION_PREFERS_STRING_CATALOGS = YES;
				MACOSX_DEPLOYMENT_TARGET = 15.5;
				MTL_ENABLE_DEBUG_INFO = NO;
				MTL_FAST_MATH = YES;
				SDKROOT = macosx;
				SWIFT_COMPILATION_MODE = wholemodule;
			};
			name = Release;
		};
		2F7E86052E90D9F1004FB868 /* Debug */ = {
			isa = XCBuildConfiguration;
			buildSettings = {
				ASSETCATALOG_COMPILER_APPICON_NAME = AppIcon;
				ASSETCATALOG_COMPILER_GLOBAL_ACCENT_COLOR_NAME = AccentColor;
				CODE_SIGN_ENTITLEMENTS = Helio/Helio.entitlements;
				CODE_SIGN_STYLE = Automatic;
				COMBINE_HIDPI_IMAGES = YES;
				CURRENT_PROJECT_VERSION = 1;
				ENABLE_PREVIEWS = YES;
				GENERATE_INFOPLIST_FILE = YES;
				INFOPLIST_KEY_NSHumanReadableCopyright = "";
				LD_RUNPATH_SEARCH_PATHS = (
					"$(inherited)",
					"@executable_path/../Frameworks",
				);
				LIBRARY_SEARCH_PATHS = (
					"$(inherited)",
					"$(PROJECT_DIR)/HelioKeyboard/target/aarch64-apple-darwin/release",
				);
								OTHER_LDFLAGS = "-lc++";
				MARKETING_VERSION = 1.0;
				PRODUCT_BUNDLE_IDENTIFIER = com.helio.Helio;
				PRODUCT_NAME = "$(TARGET_NAME)";
				REGISTER_APP_GROUPS = YES;
				SWIFT_EMIT_LOC_STRINGS = YES;
				SWIFT_VERSION = 5.0;
			};
			name = Debug;
		};
		2F7E86062E90D9F1004FB868 /* Release */ = {
			isa = XCBuildConfiguration;
			buildSettings = {
				ASSETCATALOG_COMPILER_APPICON_NAME = AppIcon;
				ASSETCATALOG_COMPILER_GLOBAL_ACCENT_COLOR_NAME = AccentColor;
				CODE_SIGN_ENTITLEMENTS = Helio/Helio.entitlements;
				CODE_SIGN_STYLE = Automatic;
				COMBINE_HIDPI_IMAGES = YES;
				CURRENT_PROJECT_VERSION = 1;
				ENABLE_PREVIEWS = YES;
				GENERATE_INFOPLIST_FILE = YES;
				INFOPLIST_KEY_NSHumanReadableCopyright = "";
				LD_RUNPATH_SEARCH_PATHS = (
					"$(inherited)",
					"@executable_path/../Frameworks",
				);
				LIBRARY_SEARCH_PATHS = (
					"$(inherited)",
					"$(PROJECT_DIR)/HelioKeyboard/target/aarch64-apple-darwin/release",
				);
								OTHER_LDFLAGS = "-lc++";
				MARKETING_VERSION = 1.0;
				PRODUCT_BUNDLE_IDENTIFIER = com.helio.Helio;
				PRODUCT_NAME = "$(TARGET_NAME)";
				REGISTER_APP_GROUPS = YES;
				SWIFT_EMIT_LOC_STRINGS = YES;
				SWIFT_VERSION = 5.0;
			};
			name = Release;
		};
		2F7E86082E90D9F1004FB868 /* Debug */ = {
			isa = XCBuildConfiguration;
			buildSettings = {
				BUNDLE_LOADER = "$(TEST_HOST)";
				CODE_SIGN_STYLE = Automatic;
				CURRENT_PROJECT_VERSION = 1;
				GENERATE_INFOPLIST_FILE = YES;
				MACOSX_DEPLOYMENT_TARGET = 15.5;
				MARKETING_VERSION = 1.0;
				PRODUCT_BUNDLE_IDENTIFIER = com.helio.HelioTests;
				PRODUCT_NAME = "$(TARGET_NAME)";
				SWIFT_EMIT_LOC_STRINGS = NO;
				SWIFT_VERSION = 5.0;
				TEST_HOST = "$(BUILT_PRODUCTS_DIR)/Helio.app/$(BUNDLE_EXECUTABLE_FOLDER_PATH)/Helio";
			};
			name = Debug;
		};
		2F7E86092E90D9F1004FB868 /* Release */ = {
			isa = XCBuildConfiguration;
			buildSettings = {
				BUNDLE_LOADER = "$(TEST_HOST)";
				CODE_SIGN_STYLE = Automatic;
				CURRENT_PROJECT_VERSION = 1;
				GENERATE_INFOPLIST_FILE = YES;
				MACOSX_DEPLOYMENT_TARGET = 15.5;
				MARKETING_VERSION = 1.0;
				PRODUCT_BUNDLE_IDENTIFIER = com.helio.HelioTests;
				PRODUCT_NAME = "$(TARGET_NAME)";
				SWIFT_EMIT_LOC_STRINGS = NO;
				SWIFT_VERSION = 5.0;
				TEST_HOST = "$(BUILT_PRODUCTS_DIR)/Helio.app/$(BUNDLE_EXECUTABLE_FOLDER_PATH)/Helio";
			};
			name = Release;
		};
		2F7E860B2E90D9F1004FB868 /* Debug */ = {
			isa = XCBuildConfiguration;
			buildSettings = {
				CODE_SIGN_STYLE = Automatic;
				CURRENT_PROJECT_VERSION = 1;
				GENERATE_INFOPLIST_FILE = YES;
				MARKETING_VERSION = 1.0;
				PRODUCT_BUNDLE_IDENTIFIER = com.helio.HelioUITests;
				PRODUCT_NAME = "$(TARGET_NAME)";
				SWIFT_EMIT_LOC_STRINGS = NO;
				SWIFT_VERSION = 5.0;
				TEST_TARGET_NAME = Helio;
			};
			name = Debug;
		};
		2F7E860C2E90D9F1004FB868 /* Release */ = {
			isa = XCBuildConfiguration;
			buildSettings = {
				CODE_SIGN_STYLE = Automatic;
				CURRENT_PROJECT_VERSION = 1;
				GENERATE_INFOPLIST_FILE = YES;
				MARKETING_VERSION = 1.0;
				PRODUCT_BUNDLE_IDENTIFIER = com.helio.HelioUITests;
				PRODUCT_NAME = "$(TARGET_NAME)";
				SWIFT_EMIT_LOC_STRINGS = NO;
				SWIFT_VERSION = 5.0;
				TEST_TARGET_NAME = Helio;
			};
			name = Release;
		};
/* End XCBuildConfiguration section */

/* Begin XCConfigurationList section */
		2F7E85DD2E90D9EF004FB868 /* Build configuration list for PBXProject "Helio" */ = {
			isa = XCConfigurationList;
			buildConfigurations = (
				2F7E86022E90D9F1004FB868 /* Debug */,
				2F7E86032E90D9F1004FB868 /* Release */,
			);
			defaultConfigurationIsVisible = 0;
			defaultConfigurationName = Release;
		};
		2F7E86042E90D9F1004FB868 /* Build configuration list for PBXNativeTarget "Helio" */ = {
			isa = XCConfigurationList;
			buildConfigurations = (
				2F7E86052E90D9F1004FB868 /* Debug */,
				2F7E86062E90D9F1004FB868 /* Release */,
			);
			defaultConfigurationIsVisible = 0;
			defaultConfigurationName = Release;
		};
		2F7E86072E90D9F1004FB868 /* Build configuration list for PBXNativeTarget "HelioTests" */ = {
			isa = XCConfigurationList;
			buildConfigurations = (
				2F7E86082E90D9F1004FB868 /* Debug */,
				2F7E86092E90D9F1004FB868 /* Release */,
			);
			defaultConfigurationIsVisible = 0;
			defaultConfigurationName = Release;
		};
		2F7E860A2E90D9F1004FB868 /* Build configuration list for PBXNativeTarget "HelioUITests" */ = {
			isa = XCConfigurationList;
			buildConfigurations = (
				2F7E860B2E90D9F1004FB868 /* Debug */,
				2F7E860C2E90D9F1004FB868 /* Release */,
			);
			defaultConfigurationIsVisible = 0;
			defaultConfigurationName = Release;
		};
/* End XCConfigurationList section */
	};
	rootObject = 2F7E85DA2E90D9EF004FB868 /* Project object */;
}
